
Microsoft Visual Studio Solution File, Format Version 12.00
# Visual Studio Version 16
VisualStudioVersion = 16.0.30517.126
MinimumVisualStudioVersion = 10.0.40219.1
Project("{FAE04EC0-301F-11D3-BF4B-00C04F79EFBC}") = "Proiect_atestat", "Proiect_atestat\Proiect_atestat.csproj", "{065E8352-C3A0-41BC-BF47-E1C852A7390E}"
EndProject
Global
	GlobalSection(SolutionConfigurationPlatforms) = preSolution
		Debug|Any CPU = Debug|Any CPU
		Release|Any CPU = Release|Any CPU
	EndGlobalSection
	GlobalSection(ProjectConfigurationPlatforms) = postSolution
		{065E8352-C3A0-41BC-BF47-E1C852A7390E}.Debug|Any CPU.ActiveCfg = Debug|Any CPU
		{065E8352-C3A0-41BC-BF47-E1C852A7390E}.Debug|Any CPU.Build.0 = Debug|Any CPU
		{065E8352-C3A0-41BC-BF47-E1C852A7390E}.Release|Any CPU.ActiveCfg = Release|Any CPU
		{065E8352-C3A0-41BC-BF47-E1C852A7390E}.Release|Any CPU.Build.0 = Release|Any CPU
	EndGlobalSection
	GlobalSection(SolutionProperties) = preSolution
		HideSolutionNode = FALSE
	EndGlobalSection
	GlobalSection(ExtensibilityGlobals) = postSolution
		SolutionGuid = {01F86509-1F9F-4B3A-B51D-9C79FC595C61}
	EndGlobalSection
EndGlobal
